
Microsoft Visual Studio Solution File, Format Version 11.00
# Visual Studio 2010
Project("{FAE04EC0-301F-11D3-BF4B-00C04F79EFBC}") = "Box Info", "Box Info\Box Info.csproj", "{D37D7B6B-7AB8-4FBA-86DF-0EA4F326F422}"
EndProject
Global
	GlobalSection(SolutionConfigurationPlatforms) = preSolution
		Debug|Any CPU = Debug|Any CPU
		Release|Any CPU = Release|Any CPU
	EndGlobalSection
	GlobalSection(ProjectConfigurationPlatforms) = postSolution
		{D37D7B6B-7AB8-4FBA-86DF-0EA4F326F422}.Debug|Any CPU.ActiveCfg = Debug|Any CPU
		{D37D7B6B-7AB8-4FBA-86DF-0EA4F326F422}.Debug|Any CPU.Build.0 = Debug|Any CPU
		{D37D7B6B-7AB8-4FBA-86DF-0EA4F326F422}.Release|Any CPU.ActiveCfg = Release|Any CPU
		{D37D7B6B-7AB8-4FBA-86DF-0EA4F326F422}.Release|Any CPU.Build.0 = Release|Any CPU
	EndGlobalSection
	GlobalSection(SolutionProperties) = preSolution
		HideSolutionNode = FALSE
	EndGlobalSection
EndGlobal
